{
  "object": {
    "pins": [
      {
        "package": "DecimalTime",
        "repositoryURL": "https://github.com/reuschj/DecimalTime",
        "state": {
          "branch": null,
          "revision": "3c2cb5b47f2e17d44d6f27443b65eb5e217572c6",
          "version": "0.0.2"
        }
      }
    ]
  },
  "version": 1
}
