{
  "object": {
    "pins": [
      {
        "package": "DecimalTime",
        "repositoryURL": "https://github.com/reuschj/DecimalTime",
        "state": {
          "branch": null,
          "revision": "8fc2e14802db25c5ad8f550b77a454beb89e0c42",
          "version": "1.0.3"
        }
      }
    ]
  },
  "version": 1
}
