{
  "object": {
    "pins": [
      {
        "package": "DecimalTime",
        "repositoryURL": "https://github.com/reuschj/DecimalTime",
        "state": {
          "branch": null,
          "revision": "d1046f21d3bb39ac3388cd35db627b1d63b0892e",
          "version": "1.0.2"
        }
      }
    ]
  },
  "version": 1
}
